Microsoft Visual Studio Solution File, Format Version 12.00
# Visual Studio Version 17
VisualStudioVersion = 17.5.2.0
MinimumVisualStudioVersion = 10.0.40219.1
Project("{FAE04EC0-301F-11D3-BF4B-00C04F79EFBC}") = "SafeVaultProject", "SafeVaultProject\SafeVaultProject.csproj", "{3325AFC2-2F3B-D4F9-B524-666D0413AEE9}"
EndProject
Project("{FAE04EC0-301F-11D3-BF4B-00C04F79EFBC}") = "SafeVaultTests", "SafeVaultTests\SafeVaultTests.csproj", "{523ED17F-285D-9C0F-1ADD-C113A71EFB83}"
EndProject
Global
	GlobalSection(SolutionConfigurationPlatforms) = preSolution
		Debug|Any CPU = Debug|Any CPU
		Release|Any CPU = Release|Any CPU
	EndGlobalSection
	GlobalSection(ProjectConfigurationPlatforms) = postSolution
		{3325AFC2-2F3B-D4F9-B524-666D0413AEE9}.Debug|Any CPU.ActiveCfg = Debug|Any CPU
		{3325AFC2-2F3B-D4F9-B524-666D0413AEE9}.Debug|Any CPU.Build.0 = Debug|Any CPU
		{3325AFC2-2F3B-D4F9-B524-666D0413AEE9}.Release|Any CPU.ActiveCfg = Release|Any CPU
		{3325AFC2-2F3B-D4F9-B524-666D0413AEE9}.Release|Any CPU.Build.0 = Release|Any CPU
		{523ED17F-285D-9C0F-1ADD-C113A71EFB83}.Debug|Any CPU.ActiveCfg = Debug|Any CPU
		{523ED17F-285D-9C0F-1ADD-C113A71EFB83}.Debug|Any CPU.Build.0 = Debug|Any CPU
		{523ED17F-285D-9C0F-1ADD-C113A71EFB83}.Release|Any CPU.ActiveCfg = Release|Any CPU
		{523ED17F-285D-9C0F-1ADD-C113A71EFB83}.Release|Any CPU.Build.0 = Release|Any CPU
	EndGlobalSection
	GlobalSection(SolutionProperties) = preSolution
		HideSolutionNode = FALSE
	EndGlobalSection
	GlobalSection(ExtensibilityGlobals) = postSolution
		SolutionGuid = {65431609-2D9A-470C-8853-3D5C59896260}
	EndGlobalSection
EndGlobal
